
Microsoft Visual Studio Solution File, Format Version 12.00
# Visual Studio Version 17
VisualStudioVersion = 17.1.32210.238
MinimumVisualStudioVersion = 10.0.40219.1
Project("{FAE04EC0-301F-11D3-BF4B-00C04F79EFBC}") = "MultiThreaddingPractice", "MultiThreaddingPractice\MultiThreaddingPractice.csproj", "{D3D2754B-6064-4A8C-AD1A-FAE825C36410}"
EndProject
Global
	GlobalSection(SolutionConfigurationPlatforms) = preSolution
		Debug|Any CPU = Debug|Any CPU
		Release|Any CPU = Release|Any CPU
	EndGlobalSection
	GlobalSection(ProjectConfigurationPlatforms) = postSolution
		{D3D2754B-6064-4A8C-AD1A-FAE825C36410}.Debug|Any CPU.ActiveCfg = Debug|Any CPU
		{D3D2754B-6064-4A8C-AD1A-FAE825C36410}.Debug|Any CPU.Build.0 = Debug|Any CPU
		{D3D2754B-6064-4A8C-AD1A-FAE825C36410}.Release|Any CPU.ActiveCfg = Release|Any CPU
		{D3D2754B-6064-4A8C-AD1A-FAE825C36410}.Release|Any CPU.Build.0 = Release|Any CPU
	EndGlobalSection
	GlobalSection(SolutionProperties) = preSolution
		HideSolutionNode = FALSE
	EndGlobalSection
	GlobalSection(ExtensibilityGlobals) = postSolution
		SolutionGuid = {BE284D9F-0448-4B85-87C0-D840BFBD0B09}
	EndGlobalSection
EndGlobal
